
Microsoft Visual Studio Solution File, Format Version 12.00
# Visual Studio Version 16
VisualStudioVersion = 16.0.33801.447
MinimumVisualStudioVersion = 10.0.40219.1
Project("{FAE04EC0-301F-11D3-BF4B-00C04F79EFBC}") = "nhom2ng", "nhom2ng\nhom2ng.csproj", "{DD4A548D-777A-440B-8AB1-29FFCF5610D8}"
EndProject
Global
	GlobalSection(SolutionConfigurationPlatforms) = preSolution
		Debug|Any CPU = Debug|Any CPU
		Release|Any CPU = Release|Any CPU
	EndGlobalSection
	GlobalSection(ProjectConfigurationPlatforms) = postSolution
		{DD4A548D-777A-440B-8AB1-29FFCF5610D8}.Debug|Any CPU.ActiveCfg = Debug|Any CPU
		{DD4A548D-777A-440B-8AB1-29FFCF5610D8}.Debug|Any CPU.Build.0 = Debug|Any CPU
		{DD4A548D-777A-440B-8AB1-29FFCF5610D8}.Release|Any CPU.ActiveCfg = Release|Any CPU
		{DD4A548D-777A-440B-8AB1-29FFCF5610D8}.Release|Any CPU.Build.0 = Release|Any CPU
	EndGlobalSection
	GlobalSection(SolutionProperties) = preSolution
		HideSolutionNode = FALSE
	EndGlobalSection
	GlobalSection(ExtensibilityGlobals) = postSolution
		SolutionGuid = {EB30F45D-FFBF-4758-B1E5-7E5919FDF66B}
	EndGlobalSection
EndGlobal
